
Microsoft Visual Studio Solution File, Format Version 12.00
Project("{FAE04EC0-301F-11D3-BF4B-00C04F79EFBC}") = "CompanyMng.API", "CompanyMng.API\CompanyMng.API.csproj", "{77198D4C-040F-4041-9C83-E0B550609668}"
EndProject
Project("{FAE04EC0-301F-11D3-BF4B-00C04F79EFBC}") = "CompanyMng.Application", "CompanyMng.Application\CompanyMng.Application.csproj", "{81CFC748-DE86-47EE-B5F6-F750C872EDA3}"
EndProject
Project("{FAE04EC0-301F-11D3-BF4B-00C04F79EFBC}") = "CompanyMng.Infrastructure", "CompanyMng.Infrastructure\CompanyMng.Infrastructure.csproj", "{89C1AFF8-1B83-447D-B763-D32DC2F9A444}"
EndProject
Project("{FAE04EC0-301F-11D3-BF4B-00C04F79EFBC}") = "CompanyMng.Domain", "CompanyMng.Domain\CompanyMng.Domain.csproj", "{5EDD94BC-E3A9-4664-B999-6C47125C2A83}"
EndProject
Project("{2150E333-8FDC-42A3-9474-1A3956D46DE8}") = "src", "src", "{173AA656-EA3A-4BE9-98F8-1DF5A099EA1B}"
EndProject
Project("{2150E333-8FDC-42A3-9474-1A3956D46DE8}") = "tests", "tests", "{17DD4EA0-BDEE-460E-B4C3-67E39368FE91}"
EndProject
Global
	GlobalSection(SolutionConfigurationPlatforms) = preSolution
		Debug|Any CPU = Debug|Any CPU
		Release|Any CPU = Release|Any CPU
	EndGlobalSection
	GlobalSection(ProjectConfigurationPlatforms) = postSolution
		{77198D4C-040F-4041-9C83-E0B550609668}.Debug|Any CPU.ActiveCfg = Debug|Any CPU
		{77198D4C-040F-4041-9C83-E0B550609668}.Debug|Any CPU.Build.0 = Debug|Any CPU
		{77198D4C-040F-4041-9C83-E0B550609668}.Release|Any CPU.ActiveCfg = Release|Any CPU
		{77198D4C-040F-4041-9C83-E0B550609668}.Release|Any CPU.Build.0 = Release|Any CPU
		{81CFC748-DE86-47EE-B5F6-F750C872EDA3}.Debug|Any CPU.ActiveCfg = Debug|Any CPU
		{81CFC748-DE86-47EE-B5F6-F750C872EDA3}.Debug|Any CPU.Build.0 = Debug|Any CPU
		{81CFC748-DE86-47EE-B5F6-F750C872EDA3}.Release|Any CPU.ActiveCfg = Release|Any CPU
		{81CFC748-DE86-47EE-B5F6-F750C872EDA3}.Release|Any CPU.Build.0 = Release|Any CPU
		{89C1AFF8-1B83-447D-B763-D32DC2F9A444}.Debug|Any CPU.ActiveCfg = Debug|Any CPU
		{89C1AFF8-1B83-447D-B763-D32DC2F9A444}.Debug|Any CPU.Build.0 = Debug|Any CPU
		{89C1AFF8-1B83-447D-B763-D32DC2F9A444}.Release|Any CPU.ActiveCfg = Release|Any CPU
		{89C1AFF8-1B83-447D-B763-D32DC2F9A444}.Release|Any CPU.Build.0 = Release|Any CPU
		{5EDD94BC-E3A9-4664-B999-6C47125C2A83}.Debug|Any CPU.ActiveCfg = Debug|Any CPU
		{5EDD94BC-E3A9-4664-B999-6C47125C2A83}.Debug|Any CPU.Build.0 = Debug|Any CPU
		{5EDD94BC-E3A9-4664-B999-6C47125C2A83}.Release|Any CPU.ActiveCfg = Release|Any CPU
		{5EDD94BC-E3A9-4664-B999-6C47125C2A83}.Release|Any CPU.Build.0 = Release|Any CPU
	EndGlobalSection
	GlobalSection(NestedProjects) = preSolution
		{77198D4C-040F-4041-9C83-E0B550609668} = {173AA656-EA3A-4BE9-98F8-1DF5A099EA1B}
		{81CFC748-DE86-47EE-B5F6-F750C872EDA3} = {173AA656-EA3A-4BE9-98F8-1DF5A099EA1B}
		{5EDD94BC-E3A9-4664-B999-6C47125C2A83} = {173AA656-EA3A-4BE9-98F8-1DF5A099EA1B}
		{89C1AFF8-1B83-447D-B763-D32DC2F9A444} = {173AA656-EA3A-4BE9-98F8-1DF5A099EA1B}
	EndGlobalSection
EndGlobal
